# @generated - this file is auto-generated by `mise lock` https://mise.en.dev/dev-tools/mise-lock.html

lockfile_version = 2

[[tools.apm]]
version = "0.32.0"
backend = "github:microsoft/apm"
specifiers = ["latest"]

[tools.apm."platforms.linux-arm64"]
checksum = "sha256:d994ed49dba2c32ee33bddcc1fd956b6f32b576b51aaa3948dda94630a585cb8"
url = "https://github.com/microsoft/apm/releases/download/v0.32.0/apm-linux-arm64.tar.gz"
url_api = "https://api.github.com/repos/microsoft/apm/releases/assets/588884265"

[tools.apm."platforms.linux-arm64-musl"]
checksum = "sha256:d994ed49dba2c32ee33bddcc1fd956b6f32b576b51aaa3948dda94630a585cb8"
url = "https://github.com/microsoft/apm/releases/download/v0.32.0/apm-linux-arm64.tar.gz"
url_api = "https://api.github.com/repos/microsoft/apm/releases/assets/588884265"

[tools.apm."platforms.linux-x64"]
checksum = "sha256:85b9c57d252168c7efaee75cdfe552c17bf84bead8d14ba7bfb02844c5693aee"
url = "https://github.com/microsoft/apm/releases/download/v0.32.0/apm-linux-x86_64.tar.gz"
url_api = "https://api.github.com/repos/microsoft/apm/releases/assets/588884266"

[tools.apm."platforms.linux-x64-musl"]
checksum = "sha256:85b9c57d252168c7efaee75cdfe552c17bf84bead8d14ba7bfb02844c5693aee"
url = "https://github.com/microsoft/apm/releases/download/v0.32.0/apm-linux-x86_64.tar.gz"
url_api = "https://api.github.com/repos/microsoft/apm/releases/assets/588884266"

[tools.apm."platforms.macos-arm64"]
checksum = "sha256:22e30ef3d9ee495d798f467bd30627dcb2f17a64a60ecfcaa15ca6ceaa238c56"
url = "https://github.com/microsoft/apm/releases/download/v0.32.0/apm-darwin-arm64.tar.gz"
url_api = "https://api.github.com/repos/microsoft/apm/releases/assets/588884270"

[tools.apm."platforms.macos-x64"]
checksum = "sha256:f2832a271db6ed23ca65e516acf9afb778875f4b818538cd0202cbf155dc2ea2"
url = "https://github.com/microsoft/apm/releases/download/v0.32.0/apm-darwin-x86_64.tar.gz"
url_api = "https://api.github.com/repos/microsoft/apm/releases/assets/588884260"

[tools.apm."platforms.windows-x64"]
checksum = "sha256:8b4be7c8bac40d1847dbf34bc702ed4006a4654a7abed8bcaa276fb2c40a3dea"
url = "https://github.com/microsoft/apm/releases/download/v0.32.0/apm-windows-x86_64.zip"
url_api = "https://api.github.com/repos/microsoft/apm/releases/assets/588884263"

[[tools."cargo:cargo-llvm-cov"]]
version = "0.8.7"
backend = "cargo:cargo-llvm-cov"
specifiers = ["0.8"]

[[tools."cargo:cargo-shear"]]
version = "1.13.5"
backend = "cargo:cargo-shear"
specifiers = ["1.13"]

[[tools."cargo:cargo-truce"]]
version = "6.3.0"
backend = "cargo:cargo-truce"
specifiers = ["6.3"]

[[tools.cmake]]
version = "4.3.5"
backend = "aqua:Kitware/CMake"
specifiers = ["4.3"]

[tools.cmake."platforms.linux-arm64"]
checksum = "sha256:0ccecc2ba6b5ed4a97fbfd1f52136a9120262908185d8419c1ed2abb09199245"
url = "https://github.com/Kitware/CMake/releases/download/v4.3.5/cmake-4.3.5-linux-aarch64.tar.gz"
url_api = "https://api.github.com/repos/Kitware/CMake/releases/assets/544559684"

[tools.cmake."platforms.linux-arm64-musl"]
checksum = "sha256:0ccecc2ba6b5ed4a97fbfd1f52136a9120262908185d8419c1ed2abb09199245"
url = "https://github.com/Kitware/CMake/releases/download/v4.3.5/cmake-4.3.5-linux-aarch64.tar.gz"
url_api = "https://api.github.com/repos/Kitware/CMake/releases/assets/544559684"

[tools.cmake."platforms.linux-x64"]
checksum = "sha256:ecb787a0439cf4324a3554b08bf0bb4894fb8c497763a43c6895d2a1bfd6a9fa"
url = "https://github.com/Kitware/CMake/releases/download/v4.3.5/cmake-4.3.5-linux-x86_64.tar.gz"
url_api = "https://api.github.com/repos/Kitware/CMake/releases/assets/544560292"

[tools.cmake."platforms.linux-x64-musl"]
checksum = "sha256:ecb787a0439cf4324a3554b08bf0bb4894fb8c497763a43c6895d2a1bfd6a9fa"
url = "https://github.com/Kitware/CMake/releases/download/v4.3.5/cmake-4.3.5-linux-x86_64.tar.gz"
url_api = "https://api.github.com/repos/Kitware/CMake/releases/assets/544560292"

[tools.cmake."platforms.macos-arm64"]
checksum = "sha256:6582cace312c720fc3c70f2ccbcbb26771997409bb4fda490591e07ab4084a5d"
url = "https://github.com/Kitware/CMake/releases/download/v4.3.5/cmake-4.3.5-macos-universal.tar.gz"
url_api = "https://api.github.com/repos/Kitware/CMake/releases/assets/544561013"

[tools.cmake."platforms.macos-x64"]
checksum = "sha256:6582cace312c720fc3c70f2ccbcbb26771997409bb4fda490591e07ab4084a5d"
url = "https://github.com/Kitware/CMake/releases/download/v4.3.5/cmake-4.3.5-macos-universal.tar.gz"
url_api = "https://api.github.com/repos/Kitware/CMake/releases/assets/544561013"

[tools.cmake."platforms.windows-x64"]
checksum = "sha256:c05a60d22d5df22d75a72ae9b6628ef5f20daee4f4ba380920e1fbbeaf244fc1"
url = "https://github.com/Kitware/CMake/releases/download/v4.3.5/cmake-4.3.5-windows-x86_64.zip"
url_api = "https://api.github.com/repos/Kitware/CMake/releases/assets/544564355"

[[tools."github:microsoft/apm"]]
version = "0.28.0"
backend = "github:microsoft/apm"

[tools."github:microsoft/apm"."platforms.linux-arm64"]
checksum = "sha256:0b3a644d6073106d1a06623e0baa0c4d75a5ae5ffe55c30eed927bba48600119"
url = "https://github.com/microsoft/apm/releases/download/v0.28.0/apm-linux-arm64.tar.gz"
url_api = "https://api.github.com/repos/microsoft/apm/releases/assets/503748777"

[tools."github:microsoft/apm"."platforms.linux-arm64-musl"]
checksum = "sha256:0b3a644d6073106d1a06623e0baa0c4d75a5ae5ffe55c30eed927bba48600119"
url = "https://github.com/microsoft/apm/releases/download/v0.28.0/apm-linux-arm64.tar.gz"
url_api = "https://api.github.com/repos/microsoft/apm/releases/assets/503748777"

[tools."github:microsoft/apm"."platforms.linux-x64"]
checksum = "sha256:7edab3baba96658a20120fc8f3012e3223da7924937a8cbf169bf9805853b8d7"
url = "https://github.com/microsoft/apm/releases/download/v0.28.0/apm-linux-x86_64.tar.gz"
url_api = "https://api.github.com/repos/microsoft/apm/releases/assets/503748776"

[tools."github:microsoft/apm"."platforms.linux-x64-musl"]
checksum = "sha256:7edab3baba96658a20120fc8f3012e3223da7924937a8cbf169bf9805853b8d7"
url = "https://github.com/microsoft/apm/releases/download/v0.28.0/apm-linux-x86_64.tar.gz"
url_api = "https://api.github.com/repos/microsoft/apm/releases/assets/503748776"

[tools."github:microsoft/apm"."platforms.macos-arm64"]
checksum = "sha256:9676a6e7bf2bcb3966538a7130faea14ba030baa45f678597cc3fa15c902cb0a"
url = "https://github.com/microsoft/apm/releases/download/v0.28.0/apm-darwin-arm64.tar.gz"
url_api = "https://api.github.com/repos/microsoft/apm/releases/assets/503748770"

[tools."github:microsoft/apm"."platforms.macos-x64"]
checksum = "sha256:a8397925d45edc3dd666ec80c634f09eb9e5030328288aa0b0ca13c31608f0e0"
url = "https://github.com/microsoft/apm/releases/download/v0.28.0/apm-darwin-x86_64.tar.gz"
url_api = "https://api.github.com/repos/microsoft/apm/releases/assets/503748778"

[tools."github:microsoft/apm"."platforms.windows-x64"]
checksum = "sha256:b7085454956a8fa60aa61c062c566095bffe6bc1d6c0902f3a6657b1d1d7fc85"
url = "https://github.com/microsoft/apm/releases/download/v0.28.0/apm-windows-x86_64.zip"
url_api = "https://api.github.com/repos/microsoft/apm/releases/assets/503748775"

[[tools."http:llvm"]]
version = "22.1.8"
backend = "http:llvm"
specifiers = ["22.1.8"]

[tools."http:llvm".options]
strip_components = "1"

[tools."http:llvm"."platforms.windows-x64"]
checksum = "sha256:d96c2cc1736f4eb7fa43cb9bbdf56d93551a9ae0a9aadb9c99c3c3b2b712a234"
url = "https://github.com/llvm/llvm-project/releases/download/llvmorg-22.1.8/clang%2Bllvm-22.1.8-x86_64-pc-windows-msvc.tar.xz"

[[tools.node]]
version = "26.10.0"
backend = "core:node"
specifiers = ["26"]

[tools.node."platforms.linux-arm64"]
checksum = "sha256:423a41bff8e2a2fa15e702fefe2919ef95823b2378744daccb8439302534b44f"
url = "https://nodejs.org/dist/v26.10.0/node-v26.10.0-linux-arm64.tar.gz"

[tools.node."platforms.linux-arm64-musl"]
checksum = "sha256:d26027bff3197050d2a2b0bfa151b18e8378ed81affa2bf5093804db158979b6"
url = "https://unofficial-builds.nodejs.org/download/release/v26.10.0/node-v26.10.0-linux-arm64-musl.tar.gz"

[tools.node."platforms.linux-x64"]
checksum = "sha256:cb5c9ce9c80d7b8821e3a258543c71b939138cf17c74d5cc44bbe85d6dbc5ad8"
url = "https://nodejs.org/dist/v26.10.0/node-v26.10.0-linux-x64.tar.gz"

[tools.node."platforms.linux-x64-musl"]
checksum = "sha256:e42da94821b9422eb76bf5aaf4de0977e04ba320b8aff6148d895a94b08ee223"
url = "https://unofficial-builds.nodejs.org/download/release/v26.10.0/node-v26.10.0-linux-x64-musl.tar.gz"

[tools.node."platforms.macos-arm64"]
checksum = "sha256:751fdf7439f115d87ee2a8f3f18c065b6151852068e3e666ac60ac2996f75ac9"
url = "https://nodejs.org/dist/v26.10.0/node-v26.10.0-darwin-arm64.tar.gz"

[tools.node."platforms.macos-x64"]
checksum = "sha256:ebbe9ab9b58ad6bb54390d6e2c862c1afa7d4475fb7e8ae8146acde211bf70df"
url = "https://nodejs.org/dist/v26.10.0/node-v26.10.0-darwin-x64.tar.gz"

[tools.node."platforms.windows-x64"]
checksum = "sha256:9fef7eca6743a6b910989cd8e78712376b394fcb9b6e1e9c44a0799a287f90c5"
url = "https://nodejs.org/dist/v26.10.0/node-v26.10.0-win-x64.zip"

[[tools.pnpm]]
version = "12.8.1"
backend = "aqua:pnpm/pnpm"
specifiers = ["12.8.1"]

[tools.pnpm."platforms.linux-arm64"]
checksum = "sha256:75c5e34d3164fe3d3549580b1b1b59c9dd16543e558dec722b686193cdb7dfa1"
url = "https://github.com/pnpm/pnpm/releases/download/v12.8.1/pnpm-linux-arm64.tar.gz"
url_api = "https://api.github.com/repos/pnpm/pnpm/releases/assets/595935899"
provenance = "github-attestations"

[tools.pnpm."platforms.linux-arm64-musl"]
checksum = "sha256:27ad77bdf5368c1747f46fff0d0ee213ed6185aaf69e13342964f5f7cc3f8714"
url = "https://github.com/pnpm/pnpm/releases/download/v12.8.1/pnpm-linux-arm64-musl.tar.gz"
url_api = "https://api.github.com/repos/pnpm/pnpm/releases/assets/595935889"
provenance = "github-attestations"

[tools.pnpm."platforms.linux-x64"]
checksum = "sha256:db3906881f63e41b655e3b97d473603dc26326c2470d0b1b8083689e1bcbd1e8"
url = "https://github.com/pnpm/pnpm/releases/download/v12.8.1/pnpm-linux-x64.tar.gz"
url_api = "https://api.github.com/repos/pnpm/pnpm/releases/assets/595935887"
provenance = "github-attestations"

[tools.pnpm."platforms.linux-x64-musl"]
checksum = "sha256:f0a2db13d0a1b63c0053a5ddcfbf5c454b040e7ef54ca8771750e2cb55b86693"
url = "https://github.com/pnpm/pnpm/releases/download/v12.8.1/pnpm-linux-x64-musl.tar.gz"
url_api = "https://api.github.com/repos/pnpm/pnpm/releases/assets/595935901"
provenance = "github-attestations"

[tools.pnpm."platforms.macos-arm64"]
checksum = "sha256:8eeeae4cd714b2f1755750d303f5b1bcfe23d95ed7245536305d0c3877c5ce41"
url = "https://github.com/pnpm/pnpm/releases/download/v12.8.1/pnpm-darwin-arm64.tar.gz"
url_api = "https://api.github.com/repos/pnpm/pnpm/releases/assets/595935883"
provenance = "github-attestations"

[tools.pnpm."platforms.macos-x64"]
checksum = "sha256:8cbc5a840b4bcd8c0da878e6616a832d88e98a8acbedf1736310b395467f4a13"
url = "https://github.com/pnpm/pnpm/releases/download/v12.8.1/pnpm-darwin-x64.tar.gz"
url_api = "https://api.github.com/repos/pnpm/pnpm/releases/assets/595935890"
provenance = "github-attestations"

[tools.pnpm."platforms.windows-x64"]
checksum = "sha256:823fc131326afeee292e113e2299ca9851c3ee5148a7de921c897f0170de6f05"
url = "https://github.com/pnpm/pnpm/releases/download/v12.8.1/pnpm-win32-x64.zip"
url_api = "https://api.github.com/repos/pnpm/pnpm/releases/assets/595935888"
provenance = "github-attestations"

[[tools.rust]]
version = "1.99.0"
backend = "core:rust"
specifiers = ["latest"]

[tools.rust.options]
components = "clippy,llvm-tools,rustfmt"
