# @generated - this file is auto-generated by `mise lock` https://mise.en.dev/dev-tools/mise-lock.html

[[tools.apm]]
version = "0.29.0"
backend = "github:microsoft/apm"

[tools.apm."platforms.linux-arm64"]
checksum = "sha256:84592865853f0c13d34a1f5021463a55deb5d1245061dd31a69f3ec61972d21f"
url = "https://github.com/microsoft/apm/releases/download/v0.29.0/apm-linux-arm64.tar.gz"
url_api = "https://api.github.com/repos/microsoft/apm/releases/assets/536442561"

[tools.apm."platforms.linux-arm64-musl"]
checksum = "sha256:84592865853f0c13d34a1f5021463a55deb5d1245061dd31a69f3ec61972d21f"
url = "https://github.com/microsoft/apm/releases/download/v0.29.0/apm-linux-arm64.tar.gz"
url_api = "https://api.github.com/repos/microsoft/apm/releases/assets/536442561"

[tools.apm."platforms.linux-x64"]
checksum = "sha256:53c98c50f436a8b5ac1d6a3cf443f94d29ed1e5385af52859cf1b1b512f71578"
url = "https://github.com/microsoft/apm/releases/download/v0.29.0/apm-linux-x86_64.tar.gz"
url_api = "https://api.github.com/repos/microsoft/apm/releases/assets/536442558"

[tools.apm."platforms.linux-x64-musl"]
checksum = "sha256:53c98c50f436a8b5ac1d6a3cf443f94d29ed1e5385af52859cf1b1b512f71578"
url = "https://github.com/microsoft/apm/releases/download/v0.29.0/apm-linux-x86_64.tar.gz"
url_api = "https://api.github.com/repos/microsoft/apm/releases/assets/536442558"

[tools.apm."platforms.macos-arm64"]
checksum = "sha256:d3adb035e0a8c1b82681223745d8867b5e62a2ed2146b67a7b27c779fed7aa0a"
url = "https://github.com/microsoft/apm/releases/download/v0.29.0/apm-darwin-arm64.tar.gz"
url_api = "https://api.github.com/repos/microsoft/apm/releases/assets/536442567"

[tools.apm."platforms.macos-x64"]
checksum = "sha256:23a788694c0c0dc458d6e962fcb8b17d8f130a18db9eca9ef14e75c529a0555e"
url = "https://github.com/microsoft/apm/releases/download/v0.29.0/apm-darwin-x86_64.tar.gz"
url_api = "https://api.github.com/repos/microsoft/apm/releases/assets/536442565"

[tools.apm."platforms.windows-x64"]
checksum = "sha256:c8691a52d6ccc33daa8c50cf6d606faf6569a4af1191be7eaf6a97a8c8e8f496"
url = "https://github.com/microsoft/apm/releases/download/v0.29.0/apm-windows-x86_64.zip"
url_api = "https://api.github.com/repos/microsoft/apm/releases/assets/536442564"

[[tools."cargo:cargo-llvm-cov"]]
version = "0.8.7"
backend = "cargo:cargo-llvm-cov"

[[tools."cargo:cargo-shear"]]
version = "1.13.4"
backend = "cargo:cargo-shear"

[[tools."cargo:cargo-truce"]]
version = "6.3.0"
backend = "cargo:cargo-truce"

[[tools.cmake]]
version = "4.3.2"
backend = "aqua:Kitware/CMake"

[tools.cmake."platforms.linux-arm64"]
checksum = "sha256:377079ab739f5765176f427609d9a2015b756ea20d5cba908d279c3731a2f481"
url = "https://github.com/Kitware/CMake/releases/download/v4.3.2/cmake-4.3.2-linux-aarch64.tar.gz"
url_api = "https://api.github.com/repos/Kitware/CMake/releases/assets/401715790"

[tools.cmake."platforms.linux-arm64-musl"]
checksum = "sha256:377079ab739f5765176f427609d9a2015b756ea20d5cba908d279c3731a2f481"
url = "https://github.com/Kitware/CMake/releases/download/v4.3.2/cmake-4.3.2-linux-aarch64.tar.gz"
url_api = "https://api.github.com/repos/Kitware/CMake/releases/assets/401715790"

[tools.cmake."platforms.linux-x64"]
checksum = "sha256:791ae3604841ca03cb3889a3ad89165346e4b180ae3448efd4b0caa9ef46d245"
url = "https://github.com/Kitware/CMake/releases/download/v4.3.2/cmake-4.3.2-linux-x86_64.tar.gz"
url_api = "https://api.github.com/repos/Kitware/CMake/releases/assets/401716011"

[tools.cmake."platforms.linux-x64-musl"]
checksum = "sha256:791ae3604841ca03cb3889a3ad89165346e4b180ae3448efd4b0caa9ef46d245"
url = "https://github.com/Kitware/CMake/releases/download/v4.3.2/cmake-4.3.2-linux-x86_64.tar.gz"
url_api = "https://api.github.com/repos/Kitware/CMake/releases/assets/401716011"

[tools.cmake."platforms.macos-arm64"]
checksum = "sha256:808ab43a0db04c8eec9ed7db12b90d7be1c8e2e75f4a060724d604a2043ccaf7"
url = "https://github.com/Kitware/CMake/releases/download/v4.3.2/cmake-4.3.2-macos-universal.tar.gz"
url_api = "https://api.github.com/repos/Kitware/CMake/releases/assets/401716073"

[tools.cmake."platforms.macos-x64"]
checksum = "sha256:808ab43a0db04c8eec9ed7db12b90d7be1c8e2e75f4a060724d604a2043ccaf7"
url = "https://github.com/Kitware/CMake/releases/download/v4.3.2/cmake-4.3.2-macos-universal.tar.gz"
url_api = "https://api.github.com/repos/Kitware/CMake/releases/assets/401716073"

[tools.cmake."platforms.windows-x64"]
checksum = "sha256:83d20c23f5c5f64b3b328785e35b23c532e33057a97ed6294acaca3781b78a01"
url = "https://github.com/Kitware/CMake/releases/download/v4.3.2/cmake-4.3.2-windows-x86_64.zip"
url_api = "https://api.github.com/repos/Kitware/CMake/releases/assets/401716525"

[[tools."github:microsoft/apm"]]
version = "0.28.0"
backend = "github:microsoft/apm"

[tools."github:microsoft/apm"."platforms.linux-arm64"]
checksum = "sha256:0b3a644d6073106d1a06623e0baa0c4d75a5ae5ffe55c30eed927bba48600119"
url = "https://github.com/microsoft/apm/releases/download/v0.28.0/apm-linux-arm64.tar.gz"
url_api = "https://api.github.com/repos/microsoft/apm/releases/assets/503748777"

[tools."github:microsoft/apm"."platforms.linux-arm64-musl"]
checksum = "sha256:0b3a644d6073106d1a06623e0baa0c4d75a5ae5ffe55c30eed927bba48600119"
url = "https://github.com/microsoft/apm/releases/download/v0.28.0/apm-linux-arm64.tar.gz"
url_api = "https://api.github.com/repos/microsoft/apm/releases/assets/503748777"

[tools."github:microsoft/apm"."platforms.linux-x64"]
checksum = "sha256:7edab3baba96658a20120fc8f3012e3223da7924937a8cbf169bf9805853b8d7"
url = "https://github.com/microsoft/apm/releases/download/v0.28.0/apm-linux-x86_64.tar.gz"
url_api = "https://api.github.com/repos/microsoft/apm/releases/assets/503748776"

[tools."github:microsoft/apm"."platforms.linux-x64-musl"]
checksum = "sha256:7edab3baba96658a20120fc8f3012e3223da7924937a8cbf169bf9805853b8d7"
url = "https://github.com/microsoft/apm/releases/download/v0.28.0/apm-linux-x86_64.tar.gz"
url_api = "https://api.github.com/repos/microsoft/apm/releases/assets/503748776"

[tools."github:microsoft/apm"."platforms.macos-arm64"]
checksum = "sha256:9676a6e7bf2bcb3966538a7130faea14ba030baa45f678597cc3fa15c902cb0a"
url = "https://github.com/microsoft/apm/releases/download/v0.28.0/apm-darwin-arm64.tar.gz"
url_api = "https://api.github.com/repos/microsoft/apm/releases/assets/503748770"

[tools."github:microsoft/apm"."platforms.macos-x64"]
checksum = "sha256:a8397925d45edc3dd666ec80c634f09eb9e5030328288aa0b0ca13c31608f0e0"
url = "https://github.com/microsoft/apm/releases/download/v0.28.0/apm-darwin-x86_64.tar.gz"
url_api = "https://api.github.com/repos/microsoft/apm/releases/assets/503748778"

[tools."github:microsoft/apm"."platforms.windows-x64"]
checksum = "sha256:b7085454956a8fa60aa61c062c566095bffe6bc1d6c0902f3a6657b1d1d7fc85"
url = "https://github.com/microsoft/apm/releases/download/v0.28.0/apm-windows-x86_64.zip"
url_api = "https://api.github.com/repos/microsoft/apm/releases/assets/503748775"

[[tools."http:llvm"]]
version = "22.1.8"
backend = "http:llvm"

[tools."http:llvm".options]
strip_components = "1"

[tools."http:llvm"."platforms.windows-x64"]
checksum = "sha256:d96c2cc1736f4eb7fa43cb9bbdf56d93551a9ae0a9aadb9c99c3c3b2b712a234"
url = "https://github.com/llvm/llvm-project/releases/download/llvmorg-22.1.8/clang%2Bllvm-22.1.8-x86_64-pc-windows-msvc.tar.xz"

[[tools.node]]
version = "26.8.1"
backend = "core:node"

[tools.node."platforms.linux-arm64"]
checksum = "sha256:d5f973ce975e4bd03e6c2038260f7e9201615aa8e1ee293c72f8dcc2a6d9fddb"
url = "https://nodejs.org/dist/v26.8.1/node-v26.8.1-linux-arm64.tar.gz"

[tools.node."platforms.linux-arm64-musl"]
checksum = "sha256:0fe78afdeb4a4d273b14abbd4b946c772885c58994c9d23b1c8ae0a59a2f8a53"
url = "https://unofficial-builds.nodejs.org/download/release/v26.8.1/node-v26.8.1-linux-arm64-musl.tar.gz"

[tools.node."platforms.linux-x64"]
checksum = "sha256:b2b76660fa4ded4e0b2a41ee3c0c651cd52ea8170ead91ebac1e147ac3d55643"
url = "https://nodejs.org/dist/v26.8.1/node-v26.8.1-linux-x64.tar.gz"

[tools.node."platforms.linux-x64-musl"]
checksum = "sha256:13135a6a2106f9d111fa9b48c8801ed119ad43e7e1d00de17d77a9c44899aada"
url = "https://unofficial-builds.nodejs.org/download/release/v26.8.1/node-v26.8.1-linux-x64-musl.tar.gz"

[tools.node."platforms.macos-arm64"]
checksum = "sha256:6e577fd0d9db776db82306629e441a9dace416702622aebdd171c9dfaa41f4d2"
url = "https://nodejs.org/dist/v26.8.1/node-v26.8.1-darwin-arm64.tar.gz"

[tools.node."platforms.macos-x64"]
checksum = "sha256:fe9c6dbf9c8e1b4443803d75e2a20366e420dae650c747dbb116b22975751baf"
url = "https://nodejs.org/dist/v26.8.1/node-v26.8.1-darwin-x64.tar.gz"

[tools.node."platforms.windows-x64"]
checksum = "sha256:57693d8e93d1b04e7b7de46aca53ecd63e97564e73de36a68428d7ff08d83587"
url = "https://nodejs.org/dist/v26.8.1/node-v26.8.1-win-x64.zip"

[[tools.pnpm]]
version = "11.25.0"
backend = "aqua:pnpm/pnpm"

[tools.pnpm."platforms.linux-arm64"]
checksum = "sha256:6d62b433b7a77b77e814dfaca8032bae57bb79c1a5ad50442e688c4f7fed3c8a"
url = "https://github.com/pnpm/pnpm/releases/download/v11.25.0/pnpm-linux-arm64.tar.gz"
url_api = "https://api.github.com/repos/pnpm/pnpm/releases/assets/535298943"
provenance = "github-attestations"

[tools.pnpm."platforms.linux-arm64-musl"]
checksum = "sha256:d826eaa243bb7b9c7bc21df3fae9ade147c3f0b6f035fa9fa92eef5196d1762e"
url = "https://github.com/pnpm/pnpm/releases/download/v11.25.0/pnpm-linux-arm64-musl.tar.gz"
url_api = "https://api.github.com/repos/pnpm/pnpm/releases/assets/535298947"
provenance = "github-attestations"

[tools.pnpm."platforms.linux-x64"]
checksum = "sha256:11caeed8b581d460638f836f10f6ead19cbf08d774a5b8e502628b20ebf3ac43"
url = "https://github.com/pnpm/pnpm/releases/download/v11.25.0/pnpm-linux-x64.tar.gz"
url_api = "https://api.github.com/repos/pnpm/pnpm/releases/assets/535298945"
provenance = "github-attestations"

[tools.pnpm."platforms.linux-x64-musl"]
checksum = "sha256:2a25fd5614c89d3e8e7c8cabfe9f5f2aba3c4f997fb69e6934ee257dd8753ca5"
url = "https://github.com/pnpm/pnpm/releases/download/v11.25.0/pnpm-linux-x64-musl.tar.gz"
url_api = "https://api.github.com/repos/pnpm/pnpm/releases/assets/535298949"
provenance = "github-attestations"

[tools.pnpm."platforms.macos-arm64"]
checksum = "sha256:cdcf7130ed2e7aa324c7c76ab597de66db0529b6b1e0db9e489bde538fdc0d04"
url = "https://github.com/pnpm/pnpm/releases/download/v11.25.0/pnpm-darwin-arm64.tar.gz"
url_api = "https://api.github.com/repos/pnpm/pnpm/releases/assets/535298948"
provenance = "github-attestations"

[tools.pnpm."platforms.windows-x64"]
checksum = "sha256:2d0203af85fc6fbb40f786a2671f175e9119a7c6dfcc4f30b1fa17e0f072c301"
url = "https://github.com/pnpm/pnpm/releases/download/v11.25.0/pnpm-win32-x64.zip"
url_api = "https://api.github.com/repos/pnpm/pnpm/releases/assets/535298950"
provenance = "github-attestations"

[[tools.rust]]
version = "1.98.1"
backend = "core:rust"

[tools.rust.options]
components = "clippy,llvm-tools,rustfmt"
