# @generated - this file is auto-generated by `mise lock` https://mise.en.dev/dev-tools/mise-lock.html

lockfile_version = 1

[[tools.apm]]
version = "0.30.0"
backend = "github:microsoft/apm"
specifiers = ["latest"]

[tools.apm."platforms.linux-arm64"]
checksum = "sha256:5d40fce0bb4beb6f59d35949b6ce5dcb6eb1e8493f4a55fc5d91d764077f82df"
url = "https://github.com/microsoft/apm/releases/download/v0.30.0/apm-linux-arm64.tar.gz"
url_api = "https://api.github.com/repos/microsoft/apm/releases/assets/548560606"

[tools.apm."platforms.linux-arm64-musl"]
checksum = "sha256:5d40fce0bb4beb6f59d35949b6ce5dcb6eb1e8493f4a55fc5d91d764077f82df"
url = "https://github.com/microsoft/apm/releases/download/v0.30.0/apm-linux-arm64.tar.gz"
url_api = "https://api.github.com/repos/microsoft/apm/releases/assets/548560606"

[tools.apm."platforms.linux-x64"]
checksum = "sha256:8b84bebf19c350faf36d21aebb350dc656d04c0b7a1c2bf8ea35c0caa0e44bb9"
url = "https://github.com/microsoft/apm/releases/download/v0.30.0/apm-linux-x86_64.tar.gz"
url_api = "https://api.github.com/repos/microsoft/apm/releases/assets/548560609"

[tools.apm."platforms.linux-x64-musl"]
checksum = "sha256:8b84bebf19c350faf36d21aebb350dc656d04c0b7a1c2bf8ea35c0caa0e44bb9"
url = "https://github.com/microsoft/apm/releases/download/v0.30.0/apm-linux-x86_64.tar.gz"
url_api = "https://api.github.com/repos/microsoft/apm/releases/assets/548560609"

[tools.apm."platforms.macos-arm64"]
checksum = "sha256:1cbd8fefbb5f74fd0e05f196bb81cff3cec2876f8f8e1a2e45d4b78fa127a37c"
url = "https://github.com/microsoft/apm/releases/download/v0.30.0/apm-darwin-arm64.tar.gz"
url_api = "https://api.github.com/repos/microsoft/apm/releases/assets/548560612"

[tools.apm."platforms.macos-x64"]
checksum = "sha256:648ea29ef54d234c10495dc139d70a535e107b1e1e848c815197ca2b7b6f8515"
url = "https://github.com/microsoft/apm/releases/download/v0.30.0/apm-darwin-x86_64.tar.gz"
url_api = "https://api.github.com/repos/microsoft/apm/releases/assets/548560607"

[tools.apm."platforms.windows-x64"]
checksum = "sha256:54ca29eb9db47779ec4b421d47570567d5b48ce1e52ab9809e84a9db86be8828"
url = "https://github.com/microsoft/apm/releases/download/v0.30.0/apm-windows-x86_64.zip"
url_api = "https://api.github.com/repos/microsoft/apm/releases/assets/548560611"

[[tools."cargo:cargo-llvm-cov"]]
version = "0.8.7"
backend = "cargo:cargo-llvm-cov"
specifiers = ["0.8"]

[[tools."cargo:cargo-shear"]]
version = "1.13.4"
backend = "cargo:cargo-shear"
specifiers = ["1.13"]

[[tools."cargo:cargo-truce"]]
version = "6.3.0"
backend = "cargo:cargo-truce"
specifiers = ["6.3"]

[[tools.cmake]]
version = "4.3.5"
backend = "aqua:Kitware/CMake"
specifiers = ["4.3"]

[tools.cmake."platforms.linux-arm64"]
checksum = "sha256:0ccecc2ba6b5ed4a97fbfd1f52136a9120262908185d8419c1ed2abb09199245"
url = "https://github.com/Kitware/CMake/releases/download/v4.3.5/cmake-4.3.5-linux-aarch64.tar.gz"
url_api = "https://api.github.com/repos/Kitware/CMake/releases/assets/544559684"

[tools.cmake."platforms.linux-arm64-musl"]
checksum = "sha256:0ccecc2ba6b5ed4a97fbfd1f52136a9120262908185d8419c1ed2abb09199245"
url = "https://github.com/Kitware/CMake/releases/download/v4.3.5/cmake-4.3.5-linux-aarch64.tar.gz"
url_api = "https://api.github.com/repos/Kitware/CMake/releases/assets/544559684"

[tools.cmake."platforms.linux-x64"]
checksum = "sha256:ecb787a0439cf4324a3554b08bf0bb4894fb8c497763a43c6895d2a1bfd6a9fa"
url = "https://github.com/Kitware/CMake/releases/download/v4.3.5/cmake-4.3.5-linux-x86_64.tar.gz"
url_api = "https://api.github.com/repos/Kitware/CMake/releases/assets/544560292"

[tools.cmake."platforms.linux-x64-musl"]
checksum = "sha256:ecb787a0439cf4324a3554b08bf0bb4894fb8c497763a43c6895d2a1bfd6a9fa"
url = "https://github.com/Kitware/CMake/releases/download/v4.3.5/cmake-4.3.5-linux-x86_64.tar.gz"
url_api = "https://api.github.com/repos/Kitware/CMake/releases/assets/544560292"

[tools.cmake."platforms.macos-arm64"]
checksum = "sha256:6582cace312c720fc3c70f2ccbcbb26771997409bb4fda490591e07ab4084a5d"
url = "https://github.com/Kitware/CMake/releases/download/v4.3.5/cmake-4.3.5-macos-universal.tar.gz"
url_api = "https://api.github.com/repos/Kitware/CMake/releases/assets/544561013"

[tools.cmake."platforms.macos-x64"]
checksum = "sha256:6582cace312c720fc3c70f2ccbcbb26771997409bb4fda490591e07ab4084a5d"
url = "https://github.com/Kitware/CMake/releases/download/v4.3.5/cmake-4.3.5-macos-universal.tar.gz"
url_api = "https://api.github.com/repos/Kitware/CMake/releases/assets/544561013"

[tools.cmake."platforms.windows-x64"]
checksum = "sha256:c05a60d22d5df22d75a72ae9b6628ef5f20daee4f4ba380920e1fbbeaf244fc1"
url = "https://github.com/Kitware/CMake/releases/download/v4.3.5/cmake-4.3.5-windows-x86_64.zip"
url_api = "https://api.github.com/repos/Kitware/CMake/releases/assets/544564355"

[[tools."github:microsoft/apm"]]
version = "0.28.0"
backend = "github:microsoft/apm"

[tools."github:microsoft/apm"."platforms.linux-arm64"]
checksum = "sha256:0b3a644d6073106d1a06623e0baa0c4d75a5ae5ffe55c30eed927bba48600119"
url = "https://github.com/microsoft/apm/releases/download/v0.28.0/apm-linux-arm64.tar.gz"
url_api = "https://api.github.com/repos/microsoft/apm/releases/assets/503748777"

[tools."github:microsoft/apm"."platforms.linux-arm64-musl"]
checksum = "sha256:0b3a644d6073106d1a06623e0baa0c4d75a5ae5ffe55c30eed927bba48600119"
url = "https://github.com/microsoft/apm/releases/download/v0.28.0/apm-linux-arm64.tar.gz"
url_api = "https://api.github.com/repos/microsoft/apm/releases/assets/503748777"

[tools."github:microsoft/apm"."platforms.linux-x64"]
checksum = "sha256:7edab3baba96658a20120fc8f3012e3223da7924937a8cbf169bf9805853b8d7"
url = "https://github.com/microsoft/apm/releases/download/v0.28.0/apm-linux-x86_64.tar.gz"
url_api = "https://api.github.com/repos/microsoft/apm/releases/assets/503748776"

[tools."github:microsoft/apm"."platforms.linux-x64-musl"]
checksum = "sha256:7edab3baba96658a20120fc8f3012e3223da7924937a8cbf169bf9805853b8d7"
url = "https://github.com/microsoft/apm/releases/download/v0.28.0/apm-linux-x86_64.tar.gz"
url_api = "https://api.github.com/repos/microsoft/apm/releases/assets/503748776"

[tools."github:microsoft/apm"."platforms.macos-arm64"]
checksum = "sha256:9676a6e7bf2bcb3966538a7130faea14ba030baa45f678597cc3fa15c902cb0a"
url = "https://github.com/microsoft/apm/releases/download/v0.28.0/apm-darwin-arm64.tar.gz"
url_api = "https://api.github.com/repos/microsoft/apm/releases/assets/503748770"

[tools."github:microsoft/apm"."platforms.macos-x64"]
checksum = "sha256:a8397925d45edc3dd666ec80c634f09eb9e5030328288aa0b0ca13c31608f0e0"
url = "https://github.com/microsoft/apm/releases/download/v0.28.0/apm-darwin-x86_64.tar.gz"
url_api = "https://api.github.com/repos/microsoft/apm/releases/assets/503748778"

[tools."github:microsoft/apm"."platforms.windows-x64"]
checksum = "sha256:b7085454956a8fa60aa61c062c566095bffe6bc1d6c0902f3a6657b1d1d7fc85"
url = "https://github.com/microsoft/apm/releases/download/v0.28.0/apm-windows-x86_64.zip"
url_api = "https://api.github.com/repos/microsoft/apm/releases/assets/503748775"

[[tools."http:llvm"]]
version = "22.1.8"
backend = "http:llvm"
specifiers = ["22.1.8"]

[tools."http:llvm".options]
strip_components = "1"

[tools."http:llvm"."platforms.windows-x64"]
checksum = "sha256:d96c2cc1736f4eb7fa43cb9bbdf56d93551a9ae0a9aadb9c99c3c3b2b712a234"
url = "https://github.com/llvm/llvm-project/releases/download/llvmorg-22.1.8/clang%2Bllvm-22.1.8-x86_64-pc-windows-msvc.tar.xz"

[[tools.node]]
version = "26.8.2"
backend = "core:node"
specifiers = ["26"]

[tools.node."platforms.linux-arm64"]
checksum = "sha256:746cdbf21565b4ea06f77642bb0e85466de8bb722242be2c5e006f272c361c63"
url = "https://nodejs.org/dist/v26.8.2/node-v26.8.2-linux-arm64.tar.gz"

[tools.node."platforms.linux-arm64-musl"]
checksum = "sha256:125437a0b59d69592b8f4bb813a47245337afac8c973d15ab7720f0ec55d182d"
url = "https://unofficial-builds.nodejs.org/download/release/v26.8.2/node-v26.8.2-linux-arm64-musl.tar.gz"

[tools.node."platforms.linux-x64"]
checksum = "sha256:badb3fe6a61b85e1352ca6564dc56b8b7bd5ecd5c474c52acc21dd0cdd586f35"
url = "https://nodejs.org/dist/v26.8.2/node-v26.8.2-linux-x64.tar.gz"

[tools.node."platforms.linux-x64-musl"]
checksum = "sha256:696eb0180248a06c9893f3f07bcc4e2680891c83118c73aaf1de330efd053910"
url = "https://unofficial-builds.nodejs.org/download/release/v26.8.2/node-v26.8.2-linux-x64-musl.tar.gz"

[tools.node."platforms.macos-arm64"]
checksum = "sha256:974b6d5fb2fc7c33ff2354db0902b4e91c2de01ec8acc6de48e543c97e18c9e1"
url = "https://nodejs.org/dist/v26.8.2/node-v26.8.2-darwin-arm64.tar.gz"

[tools.node."platforms.macos-x64"]
checksum = "sha256:adb8feb2d4987df3d72d2ec46f4fc4b58039c859b8c3f0e3cc2d3c6cbaf8629c"
url = "https://nodejs.org/dist/v26.8.2/node-v26.8.2-darwin-x64.tar.gz"

[tools.node."platforms.windows-x64"]
checksum = "sha256:cf02f5d0c06c794b84f277177d5cf3743d0924ca49f6641cd435dd7cb6ee9085"
url = "https://nodejs.org/dist/v26.8.2/node-v26.8.2-win-x64.zip"

[[tools.pnpm]]
version = "12.4.1"
backend = "aqua:pnpm/pnpm"
specifiers = ["latest"]

[tools.pnpm."platforms.linux-arm64"]
checksum = "sha256:14f7a3e67d658d4ca8002c2aa0567f27dc5fe056a9f29f98ba7d2bfd6c81591b"
url = "https://github.com/pnpm/pnpm/releases/download/v12.4.1/pnpm-linux-arm64.tar.gz"
url_api = "https://api.github.com/repos/pnpm/pnpm/releases/assets/555427209"
provenance = "github-attestations"

[tools.pnpm."platforms.linux-arm64-musl"]
checksum = "sha256:26eba6156b6b47d8c589e2ed76af9b3d3a001d9d87dd4769754a1d09f07505bb"
url = "https://github.com/pnpm/pnpm/releases/download/v12.4.1/pnpm-linux-arm64-musl.tar.gz"
url_api = "https://api.github.com/repos/pnpm/pnpm/releases/assets/555427211"
provenance = "github-attestations"

[tools.pnpm."platforms.linux-x64"]
checksum = "sha256:66e9886299085dade56e203ae0e3586f35787f8801a68d33ec07ac17b0de2001"
url = "https://github.com/pnpm/pnpm/releases/download/v12.4.1/pnpm-linux-x64.tar.gz"
url_api = "https://api.github.com/repos/pnpm/pnpm/releases/assets/555427214"
provenance = "github-attestations"

[tools.pnpm."platforms.linux-x64-musl"]
checksum = "sha256:b72cfc2140e2f3380e26555a474f8e091a4431374face630a50b00e4db992ddb"
url = "https://github.com/pnpm/pnpm/releases/download/v12.4.1/pnpm-linux-x64-musl.tar.gz"
url_api = "https://api.github.com/repos/pnpm/pnpm/releases/assets/555427217"
provenance = "github-attestations"

[tools.pnpm."platforms.macos-arm64"]
checksum = "sha256:432fd151c10477630cf5c9f41209c2a7b75ac6dce7b2533a459519daf8954c52"
url = "https://github.com/pnpm/pnpm/releases/download/v12.4.1/pnpm-darwin-arm64.tar.gz"
url_api = "https://api.github.com/repos/pnpm/pnpm/releases/assets/555427216"
provenance = "github-attestations"

[tools.pnpm."platforms.windows-x64"]
checksum = "sha256:356092adbd4f69670945ed24c7fca994ba4dd9fbaf23b028bb9708afd7bc676e"
url = "https://github.com/pnpm/pnpm/releases/download/v12.4.1/pnpm-win32-x64.zip"
url_api = "https://api.github.com/repos/pnpm/pnpm/releases/assets/555427213"
provenance = "github-attestations"

[[tools.rust]]
version = "1.98.1"
backend = "core:rust"
specifiers = ["latest"]

[tools.rust.options]
components = "clippy,llvm-tools,rustfmt"
